
Microsoft Visual Studio Solution File, Format Version 12.00
# Visual Studio Version 16
VisualStudioVersion = 16.0.31313.79
MinimumVisualStudioVersion = 10.0.40219.1
Project("{FAE04EC0-301F-11D3-BF4B-00C04F79EFBC}") = "CSLab3568", "CSLab3568\CSLab3568.csproj", "{E884F5E7-0369-4E23-BC63-CE1B852078BD}"
EndProject
Global
	GlobalSection(SolutionConfigurationPlatforms) = preSolution
		Debug|Any CPU = Debug|Any CPU
		Release|Any CPU = Release|Any CPU
	EndGlobalSection
	GlobalSection(ProjectConfigurationPlatforms) = postSolution
		{E884F5E7-0369-4E23-BC63-CE1B852078BD}.Debug|Any CPU.ActiveCfg = Debug|Any CPU
		{E884F5E7-0369-4E23-BC63-CE1B852078BD}.Debug|Any CPU.Build.0 = Debug|Any CPU
		{E884F5E7-0369-4E23-BC63-CE1B852078BD}.Release|Any CPU.ActiveCfg = Release|Any CPU
		{E884F5E7-0369-4E23-BC63-CE1B852078BD}.Release|Any CPU.Build.0 = Release|Any CPU
	EndGlobalSection
	GlobalSection(SolutionProperties) = preSolution
		HideSolutionNode = FALSE
	EndGlobalSection
	GlobalSection(ExtensibilityGlobals) = postSolution
		SolutionGuid = {81CDADA3-E2A4-48C5-AA73-961F90FF370B}
	EndGlobalSection
EndGlobal
