
Microsoft Visual Studio Solution File, Format Version 12.00
# Visual Studio Version 16
VisualStudioVersion = 16.0.31313.79
MinimumVisualStudioVersion = 10.0.40219.1
Project("{FAE04EC0-301F-11D3-BF4B-00C04F79EFBC}") = "CSLab3", "CSLab3\CSLab3.csproj", "{443E070F-F31E-430C-B528-BCA3CFF97756}"
EndProject
Global
	GlobalSection(SolutionConfigurationPlatforms) = preSolution
		Debug|Any CPU = Debug|Any CPU
		Release|Any CPU = Release|Any CPU
	EndGlobalSection
	GlobalSection(ProjectConfigurationPlatforms) = postSolution
		{443E070F-F31E-430C-B528-BCA3CFF97756}.Debug|Any CPU.ActiveCfg = Debug|Any CPU
		{443E070F-F31E-430C-B528-BCA3CFF97756}.Debug|Any CPU.Build.0 = Debug|Any CPU
		{443E070F-F31E-430C-B528-BCA3CFF97756}.Release|Any CPU.ActiveCfg = Release|Any CPU
		{443E070F-F31E-430C-B528-BCA3CFF97756}.Release|Any CPU.Build.0 = Release|Any CPU
	EndGlobalSection
	GlobalSection(SolutionProperties) = preSolution
		HideSolutionNode = FALSE
	EndGlobalSection
	GlobalSection(ExtensibilityGlobals) = postSolution
		SolutionGuid = {F61E0CE9-4AC4-40B3-BF5E-11EC0A31E663}
	EndGlobalSection
EndGlobal
